// !$*UTF8*$!
{
	archiveVersion = 1;
	classes = {
	};
	objectVersion = 51;
	objects = {

/* Begin PBXBuildFile section */
		0B9B9E33FE0D05265147F9B0 /* Pods_Demo.framework in Frameworks */ = {isa = PBXBuildFile; fileRef = 8239D31A525D3B5A84F28920 /* Pods_Demo.framework */; };
		4D0B813DB3B78FB29717FB52 /* Pods_Demo_DemoUITests.framework in Frameworks */ = {isa = PBXBuildFile; fileRef = F264C3B90651B45785F4470E /* Pods_Demo_DemoUITests.framework */; };
		DB07505D22EA023F002679F8 /* AppDelegate.swift in Sources */ = {isa = PBXBuildFile; fileRef = DB07505C22EA023F002679F8 /* AppDelegate.swift */; };
		DB07505F22EA023F002679F8 /* ViewController.swift in Sources */ = {isa = PBXBuildFile; fileRef = DB07505E22EA023F002679F8 /* ViewController.swift */; };
		DB07506222EA023F002679F8 /* Main.storyboard in Resources */ = {isa = PBXBuildFile; fileRef = DB07506022EA023F002679F8 /* Main.storyboard */; };
		DB07506422EA0240002679F8 /* Assets.xcassets in Resources */ = {isa = PBXBuildFile; fileRef = DB07506322EA0240002679F8 /* Assets.xcassets */; };
		DB07506722EA0240002679F8 /* LaunchScreen.storyboard in Resources */ = {isa = PBXBuildFile; fileRef = DB07506522EA0240002679F8 /* LaunchScreen.storyboard */; };
		DB07507222EA0240002679F8 /* AccessibilityIdentifierTests.swift in Sources */ = {isa = PBXBuildFile; fileRef = DB07507122EA0240002679F8 /* AccessibilityIdentifierTests.swift */; };
		DB07507D22EA0240002679F8 /* DemoUITests.swift in Sources */ = {isa = PBXBuildFile; fileRef = DB07507C22EA0240002679F8 /* DemoUITests.swift */; };
		DB07508D22EA034A002679F8 /* TabbarController.swift in Sources */ = {isa = PBXBuildFile; fileRef = DB07508C22EA034A002679F8 /* TabbarController.swift */; };
		DB18939A22EF42F50010E6AD /* AccesibiltyDemoID.swift in Sources */ = {isa = PBXBuildFile; fileRef = DB18939922EF42F50010E6AD /* AccesibiltyDemoID.swift */; };
		DB1C1A1E22EFDCDD00B86D56 /* SecondViewController.swift in Sources */ = {isa = PBXBuildFile; fileRef = DB1C1A1D22EFDCDD00B86D56 /* SecondViewController.swift */; };
		DB1C1A2122F040EB00B86D56 /* EasyPredicateTests.swift in Sources */ = {isa = PBXBuildFile; fileRef = DB1C1A1F22EFE82400B86D56 /* EasyPredicateTests.swift */; };
		DBF11CFE22EA0679009E274D /* FistViewController.swift in Sources */ = {isa = PBXBuildFile; fileRef = DBF11CFD22EA0679009E274D /* FistViewController.swift */; };
		DBF7A5B922F0B27B002539E7 /* UIWebViewController.swift in Sources */ = {isa = PBXBuildFile; fileRef = DBF7A5B822F0B27B002539E7 /* UIWebViewController.swift */; };
		DBF7A5BB22F0B287002539E7 /* WKWebViewController.swift in Sources */ = {isa = PBXBuildFile; fileRef = DBF7A5BA22F0B287002539E7 /* WKWebViewController.swift */; };
		ED069E735DB57B09B7985F53 /* Pods_Demo_DemoTests.framework in Frameworks */ = {isa = PBXBuildFile; fileRef = F7B2EE74760968262FD17124 /* Pods_Demo_DemoTests.framework */; };
/* End PBXBuildFile section */

/* Begin PBXContainerItemProxy section */
		DB07506E22EA0240002679F8 /* PBXContainerItemProxy */ = {
			isa = PBXContainerItemProxy;
			containerPortal = DB07505122EA023F002679F8 /* Project object */;
			proxyType = 1;
			remoteGlobalIDString = DB07505822EA023F002679F8;
			remoteInfo = Demo;
		};
		DB07507922EA0240002679F8 /* PBXContainerItemProxy */ = {
			isa = PBXContainerItemProxy;
			containerPortal = DB07505122EA023F002679F8 /* Project object */;
			proxyType = 1;
			remoteGlobalIDString = DB07505822EA023F002679F8;
			remoteInfo = Demo;
		};
/* End PBXContainerItemProxy section */

/* Begin PBXFileReference section */
		11CF698A50188A97ADEC4333 /* Pods-Demo-DemoTests.release.xcconfig */ = {isa = PBXFileReference; includeInIndex = 1; lastKnownFileType = text.xcconfig; name = "Pods-Demo-DemoTests.release.xcconfig"; path = "Target Support Files/Pods-Demo-DemoTests/Pods-Demo-DemoTests.release.xcconfig"; sourceTree = "<group>"; };
		4EE453541DEE68FD601FE0BA /* Pods-Demo-DemoUITests.debug.xcconfig */ = {isa = PBXFileReference; includeInIndex = 1; lastKnownFileType = text.xcconfig; name = "Pods-Demo-DemoUITests.debug.xcconfig"; path = "Target Support Files/Pods-Demo-DemoUITests/Pods-Demo-DemoUITests.debug.xcconfig"; sourceTree = "<group>"; };
		59F174F2AC681912AC00B190 /* Pods-Demo-DemoTests.debug.xcconfig */ = {isa = PBXFileReference; includeInIndex = 1; lastKnownFileType = text.xcconfig; name = "Pods-Demo-DemoTests.debug.xcconfig"; path = "Target Support Files/Pods-Demo-DemoTests/Pods-Demo-DemoTests.debug.xcconfig"; sourceTree = "<group>"; };
		5A625CFD989E247CA4B542C9 /* Pods-Demo.release.xcconfig */ = {isa = PBXFileReference; includeInIndex = 1; lastKnownFileType = text.xcconfig; name = "Pods-Demo.release.xcconfig"; path = "Target Support Files/Pods-Demo/Pods-Demo.release.xcconfig"; sourceTree = "<group>"; };
		8239D31A525D3B5A84F28920 /* Pods_Demo.framework */ = {isa = PBXFileReference; explicitFileType = wrapper.framework; includeInIndex = 0; path = Pods_Demo.framework; sourceTree = BUILT_PRODUCTS_DIR; };
		9F7DDCD3D4C47C75DCAC1A8D /* Pods-Demo.debug.xcconfig */ = {isa = PBXFileReference; includeInIndex = 1; lastKnownFileType = text.xcconfig; name = "Pods-Demo.debug.xcconfig"; path = "Target Support Files/Pods-Demo/Pods-Demo.debug.xcconfig"; sourceTree = "<group>"; };
		D18E8A23A21C1502B48C311B /* Pods-Demo-DemoUITests.release.xcconfig */ = {isa = PBXFileReference; includeInIndex = 1; lastKnownFileType = text.xcconfig; name = "Pods-Demo-DemoUITests.release.xcconfig"; path = "Target Support Files/Pods-Demo-DemoUITests/Pods-Demo-DemoUITests.release.xcconfig"; sourceTree = "<group>"; };
		DB07505922EA023F002679F8 /* Demo.app */ = {isa = PBXFileReference; explicitFileType = wrapper.application; includeInIndex = 0; path = Demo.app; sourceTree = BUILT_PRODUCTS_DIR; };
		DB07505C22EA023F002679F8 /* AppDelegate.swift */ = {isa = PBXFileReference; lastKnownFileType = sourcecode.swift; path = AppDelegate.swift; sourceTree = "<group>"; };
		DB07505E22EA023F002679F8 /* ViewController.swift */ = {isa = PBXFileReference; lastKnownFileType = sourcecode.swift; path = ViewController.swift; sourceTree = "<group>"; };
		DB07506122EA023F002679F8 /* Base */ = {isa = PBXFileReference; lastKnownFileType = file.storyboard; name = Base; path = Base.lproj/Main.storyboard; sourceTree = "<group>"; };
		DB07506322EA0240002679F8 /* Assets.xcassets */ = {isa = PBXFileReference; lastKnownFileType = folder.assetcatalog; path = Assets.xcassets; sourceTree = "<group>"; };
		DB07506622EA0240002679F8 /* Base */ = {isa = PBXFileReference; lastKnownFileType = file.storyboard; name = Base; path = Base.lproj/LaunchScreen.storyboard; sourceTree = "<group>"; };
		DB07506822EA0240002679F8 /* Info.plist */ = {isa = PBXFileReference; lastKnownFileType = text.plist.xml; path = Info.plist; sourceTree = "<group>"; };
		DB07506D22EA0240002679F8 /* DemoTests.xctest */ = {isa = PBXFileReference; explicitFileType = wrapper.cfbundle; includeInIndex = 0; path = DemoTests.xctest; sourceTree = BUILT_PRODUCTS_DIR; };
		DB07507122EA0240002679F8 /* AccessibilityIdentifierTests.swift */ = {isa = PBXFileReference; lastKnownFileType = sourcecode.swift; path = AccessibilityIdentifierTests.swift; sourceTree = "<group>"; };
		DB07507322EA0240002679F8 /* Info.plist */ = {isa = PBXFileReference; lastKnownFileType = text.plist.xml; path = Info.plist; sourceTree = "<group>"; };
		DB07507822EA0240002679F8 /* DemoUITests.xctest */ = {isa = PBXFileReference; explicitFileType = wrapper.cfbundle; includeInIndex = 0; path = DemoUITests.xctest; sourceTree = BUILT_PRODUCTS_DIR; };
		DB07507C22EA0240002679F8 /* DemoUITests.swift */ = {isa = PBXFileReference; lastKnownFileType = sourcecode.swift; path = DemoUITests.swift; sourceTree = "<group>"; };
		DB07507E22EA0240002679F8 /* Info.plist */ = {isa = PBXFileReference; lastKnownFileType = text.plist.xml; path = Info.plist; sourceTree = "<group>"; };
		DB07508C22EA034A002679F8 /* TabbarController.swift */ = {isa = PBXFileReference; fileEncoding = 4; lastKnownFileType = sourcecode.swift; path = TabbarController.swift; sourceTree = "<group>"; };
		DB18939922EF42F50010E6AD /* AccesibiltyDemoID.swift */ = {isa = PBXFileReference; fileEncoding = 4; lastKnownFileType = sourcecode.swift; path = AccesibiltyDemoID.swift; sourceTree = "<group>"; };
		DB1C1A1D22EFDCDD00B86D56 /* SecondViewController.swift */ = {isa = PBXFileReference; lastKnownFileType = sourcecode.swift; path = SecondViewController.swift; sourceTree = "<group>"; };
		DB1C1A1F22EFE82400B86D56 /* EasyPredicateTests.swift */ = {isa = PBXFileReference; lastKnownFileType = sourcecode.swift; path = EasyPredicateTests.swift; sourceTree = "<group>"; };
		DBF11CFD22EA0679009E274D /* FistViewController.swift */ = {isa = PBXFileReference; lastKnownFileType = sourcecode.swift; path = FistViewController.swift; sourceTree = "<group>"; };
		DBF7A5B822F0B27B002539E7 /* UIWebViewController.swift */ = {isa = PBXFileReference; lastKnownFileType = sourcecode.swift; path = UIWebViewController.swift; sourceTree = "<group>"; };
		DBF7A5BA22F0B287002539E7 /* WKWebViewController.swift */ = {isa = PBXFileReference; lastKnownFileType = sourcecode.swift; path = WKWebViewController.swift; sourceTree = "<group>"; };
		F264C3B90651B45785F4470E /* Pods_Demo_DemoUITests.framework */ = {isa = PBXFileReference; explicitFileType = wrapper.framework; includeInIndex = 0; path = Pods_Demo_DemoUITests.framework; sourceTree = BUILT_PRODUCTS_DIR; };
		F576738FFB5410D0091D3B8D /* Pods-DemoTests.release.xcconfig */ = {isa = PBXFileReference; includeInIndex = 1; lastKnownFileType = text.xcconfig; name = "Pods-DemoTests.release.xcconfig"; path = "Target Support Files/Pods-DemoTests/Pods-DemoTests.release.xcconfig"; sourceTree = "<group>"; };
		F7223C32FD7B39CA7FA94291 /* Pods-DemoTests.debug.xcconfig */ = {isa = PBXFileReference; includeInIndex = 1; lastKnownFileType = text.xcconfig; name = "Pods-DemoTests.debug.xcconfig"; path = "Target Support Files/Pods-DemoTests/Pods-DemoTests.debug.xcconfig"; sourceTree = "<group>"; };
		F7B2EE74760968262FD17124 /* Pods_Demo_DemoTests.framework */ = {isa = PBXFileReference; explicitFileType = wrapper.framework; includeInIndex = 0; path = Pods_Demo_DemoTests.framework; sourceTree = BUILT_PRODUCTS_DIR; };
/* End PBXFileReference section */

/* Begin PBXFrameworksBuildPhase section */
		DB07505622EA023F002679F8 /* Frameworks */ = {
			isa = PBXFrameworksBuildPhase;
			buildActionMask = 2147483647;
			files = (
				0B9B9E33FE0D05265147F9B0 /* Pods_Demo.framework in Frameworks */,
			);
			runOnlyForDeploymentPostprocessing = 0;
		};
		DB07506A22EA0240002679F8 /* Frameworks */ = {
			isa = PBXFrameworksBuildPhase;
			buildActionMask = 2147483647;
			files = (
				ED069E735DB57B09B7985F53 /* Pods_Demo_DemoTests.framework in Frameworks */,
			);
			runOnlyForDeploymentPostprocessing = 0;
		};
		DB07507522EA0240002679F8 /* Frameworks */ = {
			isa = PBXFrameworksBuildPhase;
			buildActionMask = 2147483647;
			files = (
				4D0B813DB3B78FB29717FB52 /* Pods_Demo_DemoUITests.framework in Frameworks */,
			);
			runOnlyForDeploymentPostprocessing = 0;
		};
/* End PBXFrameworksBuildPhase section */

/* Begin PBXGroup section */
		2EADAE5CF7E4D2E4BECCE82C /* Pods */ = {
			isa = PBXGroup;
			children = (
				9F7DDCD3D4C47C75DCAC1A8D /* Pods-Demo.debug.xcconfig */,
				5A625CFD989E247CA4B542C9 /* Pods-Demo.release.xcconfig */,
				4EE453541DEE68FD601FE0BA /* Pods-Demo-DemoUITests.debug.xcconfig */,
				D18E8A23A21C1502B48C311B /* Pods-Demo-DemoUITests.release.xcconfig */,
				F7223C32FD7B39CA7FA94291 /* Pods-DemoTests.debug.xcconfig */,
				F576738FFB5410D0091D3B8D /* Pods-DemoTests.release.xcconfig */,
				59F174F2AC681912AC00B190 /* Pods-Demo-DemoTests.debug.xcconfig */,
				11CF698A50188A97ADEC4333 /* Pods-Demo-DemoTests.release.xcconfig */,
			);
			path = Pods;
			sourceTree = "<group>";
		};
		39D3C03AFEBDE9B3BBF6435B /* Frameworks */ = {
			isa = PBXGroup;
			children = (
				8239D31A525D3B5A84F28920 /* Pods_Demo.framework */,
				F264C3B90651B45785F4470E /* Pods_Demo_DemoUITests.framework */,
				F7B2EE74760968262FD17124 /* Pods_Demo_DemoTests.framework */,
			);
			name = Frameworks;
			sourceTree = "<group>";
		};
		DB07505022EA023F002679F8 = {
			isa = PBXGroup;
			children = (
				DB07505B22EA023F002679F8 /* Demo */,
				DB07507022EA0240002679F8 /* DemoTests */,
				DB07507B22EA0240002679F8 /* DemoUITests */,
				DB07505A22EA023F002679F8 /* Products */,
				2EADAE5CF7E4D2E4BECCE82C /* Pods */,
				39D3C03AFEBDE9B3BBF6435B /* Frameworks */,
			);
			sourceTree = "<group>";
		};
		DB07505A22EA023F002679F8 /* Products */ = {
			isa = PBXGroup;
			children = (
				DB07505922EA023F002679F8 /* Demo.app */,
				DB07506D22EA0240002679F8 /* DemoTests.xctest */,
				DB07507822EA0240002679F8 /* DemoUITests.xctest */,
			);
			name = Products;
			sourceTree = "<group>";
		};
		DB07505B22EA023F002679F8 /* Demo */ = {
			isa = PBXGroup;
			children = (
				DB18939922EF42F50010E6AD /* AccesibiltyDemoID.swift */,
				DB07505C22EA023F002679F8 /* AppDelegate.swift */,
				DB07505E22EA023F002679F8 /* ViewController.swift */,
				DBF11CFD22EA0679009E274D /* FistViewController.swift */,
				DB1C1A1D22EFDCDD00B86D56 /* SecondViewController.swift */,
				DB07508C22EA034A002679F8 /* TabbarController.swift */,
				DBF7A5B822F0B27B002539E7 /* UIWebViewController.swift */,
				DBF7A5BA22F0B287002539E7 /* WKWebViewController.swift */,
				DB07506022EA023F002679F8 /* Main.storyboard */,
				DB07506322EA0240002679F8 /* Assets.xcassets */,
				DB07506522EA0240002679F8 /* LaunchScreen.storyboard */,
				DB07506822EA0240002679F8 /* Info.plist */,
			);
			path = Demo;
			sourceTree = "<group>";
		};
		DB07507022EA0240002679F8 /* DemoTests */ = {
			isa = PBXGroup;
			children = (
				DB07507122EA0240002679F8 /* AccessibilityIdentifierTests.swift */,
				DB07507322EA0240002679F8 /* Info.plist */,
			);
			path = DemoTests;
			sourceTree = "<group>";
		};
		DB07507B22EA0240002679F8 /* DemoUITests */ = {
			isa = PBXGroup;
			children = (
				DB1C1A2222F0416200B86D56 /* BaseTest */,
				DB07507C22EA0240002679F8 /* DemoUITests.swift */,
				DB07507E22EA0240002679F8 /* Info.plist */,
			);
			path = DemoUITests;
			sourceTree = "<group>";
		};
		DB1C1A2222F0416200B86D56 /* BaseTest */ = {
			isa = PBXGroup;
			children = (
				DB1C1A1F22EFE82400B86D56 /* EasyPredicateTests.swift */,
			);
			path = BaseTest;
			sourceTree = "<group>";
		};
/* End PBXGroup section */

/* Begin PBXNativeTarget section */
		DB07505822EA023F002679F8 /* Demo */ = {
			isa = PBXNativeTarget;
			buildConfigurationList = DB07508122EA0240002679F8 /* Build configuration list for PBXNativeTarget "Demo" */;
			buildPhases = (
				7B881D19009B621631A333FF /* [CP] Check Pods Manifest.lock */,
				DB07505522EA023F002679F8 /* Sources */,
				DB07505622EA023F002679F8 /* Frameworks */,
				DB07505722EA023F002679F8 /* Resources */,
				F705AE73F3479F87778B1FF8 /* [CP] Embed Pods Frameworks */,
			);
			buildRules = (
			);
			dependencies = (
			);
			name = Demo;
			productName = Demo;
			productReference = DB07505922EA023F002679F8 /* Demo.app */;
			productType = "com.apple.product-type.application";
		};
		DB07506C22EA0240002679F8 /* DemoTests */ = {
			isa = PBXNativeTarget;
			buildConfigurationList = DB07508422EA0240002679F8 /* Build configuration list for PBXNativeTarget "DemoTests" */;
			buildPhases = (
				558CD0DEA59FCDAB90086FB4 /* [CP] Check Pods Manifest.lock */,
				DB07506922EA0240002679F8 /* Sources */,
				DB07506A22EA0240002679F8 /* Frameworks */,
				DB07506B22EA0240002679F8 /* Resources */,
				BEF44A59C11ECCEECA2043EB /* [CP] Embed Pods Frameworks */,
			);
			buildRules = (
			);
			dependencies = (
				DB07506F22EA0240002679F8 /* PBXTargetDependency */,
			);
			name = DemoTests;
			productName = DemoTests;
			productReference = DB07506D22EA0240002679F8 /* DemoTests.xctest */;
			productType = "com.apple.product-type.bundle.unit-test";
		};
		DB07507722EA0240002679F8 /* DemoUITests */ = {
			isa = PBXNativeTarget;
			buildConfigurationList = DB07508722EA0240002679F8 /* Build configuration list for PBXNativeTarget "DemoUITests" */;
			buildPhases = (
				15B27DF7F2DCA47ADB3FECA2 /* [CP] Check Pods Manifest.lock */,
				DB07507422EA0240002679F8 /* Sources */,
				DB07507522EA0240002679F8 /* Frameworks */,
				DB07507622EA0240002679F8 /* Resources */,
				EB2A93B5345037D0177DB5B1 /* [CP] Embed Pods Frameworks */,
			);
			buildRules = (
			);
			dependencies = (
				DB07507A22EA0240002679F8 /* PBXTargetDependency */,
			);
			name = DemoUITests;
			productName = DemoUITests;
			productReference = DB07507822EA0240002679F8 /* DemoUITests.xctest */;
			productType = "com.apple.product-type.bundle.ui-testing";
		};
/* End PBXNativeTarget section */

/* Begin PBXProject section */
		DB07505122EA023F002679F8 /* Project object */ = {
			isa = PBXProject;
			attributes = {
				LastSwiftUpdateCheck = 1030;
				LastUpgradeCheck = 1030;
				ORGANIZATIONNAME = "Daniel Yang";
				TargetAttributes = {
					DB07505822EA023F002679F8 = {
						CreatedOnToolsVersion = 10.3;
					};
					DB07506C22EA0240002679F8 = {
						CreatedOnToolsVersion = 10.3;
						TestTargetID = DB07505822EA023F002679F8;
					};
					DB07507722EA0240002679F8 = {
						CreatedOnToolsVersion = 10.3;
						TestTargetID = DB07505822EA023F002679F8;
					};
				};
			};
			buildConfigurationList = DB07505422EA023F002679F8 /* Build configuration list for PBXProject "Demo" */;
			compatibilityVersion = "Xcode 9.3";
			developmentRegion = en;
			hasScannedForEncodings = 0;
			knownRegions = (
				en,
				Base,
			);
			mainGroup = DB07505022EA023F002679F8;
			productRefGroup = DB07505A22EA023F002679F8 /* Products */;
			projectDirPath = "";
			projectRoot = "";
			targets = (
				DB07505822EA023F002679F8 /* Demo */,
				DB07506C22EA0240002679F8 /* DemoTests */,
				DB07507722EA0240002679F8 /* DemoUITests */,
			);
		};
/* End PBXProject section */

/* Begin PBXResourcesBuildPhase section */
		DB07505722EA023F002679F8 /* Resources */ = {
			isa = PBXResourcesBuildPhase;
			buildActionMask = 2147483647;
			files = (
				DB07506722EA0240002679F8 /* LaunchScreen.storyboard in Resources */,
				DB07506422EA0240002679F8 /* Assets.xcassets in Resources */,
				DB07506222EA023F002679F8 /* Main.storyboard in Resources */,
			);
			runOnlyForDeploymentPostprocessing = 0;
		};
		DB07506B22EA0240002679F8 /* Resources */ = {
			isa = PBXResourcesBuildPhase;
			buildActionMask = 2147483647;
			files = (
			);
			runOnlyForDeploymentPostprocessing = 0;
		};
		DB07507622EA0240002679F8 /* Resources */ = {
			isa = PBXResourcesBuildPhase;
			buildActionMask = 2147483647;
			files = (
			);
			runOnlyForDeploymentPostprocessing = 0;
		};
/* End PBXResourcesBuildPhase section */

/* Begin PBXShellScriptBuildPhase section */
		15B27DF7F2DCA47ADB3FECA2 /* [CP] Check Pods Manifest.lock */ = {
			isa = PBXShellScriptBuildPhase;
			buildActionMask = 2147483647;
			files = (
			);
			inputFileListPaths = (
			);
			inputPaths = (
				"${PODS_PODFILE_DIR_PATH}/Podfile.lock",
				"${PODS_ROOT}/Manifest.lock",
			);
			name = "[CP] Check Pods Manifest.lock";
			outputFileListPaths = (
			);
			outputPaths = (
				"$(DERIVED_FILE_DIR)/Pods-Demo-DemoUITests-checkManifestLockResult.txt",
			);
			runOnlyForDeploymentPostprocessing = 0;
			shellPath = /bin/sh;
			shellScript = "diff \"${PODS_PODFILE_DIR_PATH}/Podfile.lock\" \"${PODS_ROOT}/Manifest.lock\" > /dev/null\nif [ $? != 0 ] ; then\n    # print error to STDERR\n    echo \"error: The sandbox is not in sync with the Podfile.lock. Run 'pod install' or update your CocoaPods installation.\" >&2\n    exit 1\nfi\n# This output is used by Xcode 'outputs' to avoid re-running this script phase.\necho \"SUCCESS\" > \"${SCRIPT_OUTPUT_FILE_0}\"\n";
			showEnvVarsInLog = 0;
		};
		558CD0DEA59FCDAB90086FB4 /* [CP] Check Pods Manifest.lock */ = {
			isa = PBXShellScriptBuildPhase;
			buildActionMask = 2147483647;
			files = (
			);
			inputFileListPaths = (
			);
			inputPaths = (
				"${PODS_PODFILE_DIR_PATH}/Podfile.lock",
				"${PODS_ROOT}/Manifest.lock",
			);
			name = "[CP] Check Pods Manifest.lock";
			outputFileListPaths = (
			);
			outputPaths = (
				"$(DERIVED_FILE_DIR)/Pods-Demo-DemoTests-checkManifestLockResult.txt",
			);
			runOnlyForDeploymentPostprocessing = 0;
			shellPath = /bin/sh;
			shellScript = "diff \"${PODS_PODFILE_DIR_PATH}/Podfile.lock\" \"${PODS_ROOT}/Manifest.lock\" > /dev/null\nif [ $? != 0 ] ; then\n    # print error to STDERR\n    echo \"error: The sandbox is not in sync with the Podfile.lock. Run 'pod install' or update your CocoaPods installation.\" >&2\n    exit 1\nfi\n# This output is used by Xcode 'outputs' to avoid re-running this script phase.\necho \"SUCCESS\" > \"${SCRIPT_OUTPUT_FILE_0}\"\n";
			showEnvVarsInLog = 0;
		};
		7B881D19009B621631A333FF /* [CP] Check Pods Manifest.lock */ = {
			isa = PBXShellScriptBuildPhase;
			buildActionMask = 2147483647;
			files = (
			);
			inputFileListPaths = (
			);
			inputPaths = (
				"${PODS_PODFILE_DIR_PATH}/Podfile.lock",
				"${PODS_ROOT}/Manifest.lock",
			);
			name = "[CP] Check Pods Manifest.lock";
			outputFileListPaths = (
			);
			outputPaths = (
				"$(DERIVED_FILE_DIR)/Pods-Demo-checkManifestLockResult.txt",
			);
			runOnlyForDeploymentPostprocessing = 0;
			shellPath = /bin/sh;
			shellScript = "diff \"${PODS_PODFILE_DIR_PATH}/Podfile.lock\" \"${PODS_ROOT}/Manifest.lock\" > /dev/null\nif [ $? != 0 ] ; then\n    # print error to STDERR\n    echo \"error: The sandbox is not in sync with the Podfile.lock. Run 'pod install' or update your CocoaPods installation.\" >&2\n    exit 1\nfi\n# This output is used by Xcode 'outputs' to avoid re-running this script phase.\necho \"SUCCESS\" > \"${SCRIPT_OUTPUT_FILE_0}\"\n";
			showEnvVarsInLog = 0;
		};
		BEF44A59C11ECCEECA2043EB /* [CP] Embed Pods Frameworks */ = {
			isa = PBXShellScriptBuildPhase;
			buildActionMask = 2147483647;
			files = (
			);
			inputFileListPaths = (
				"${PODS_ROOT}/Target Support Files/Pods-Demo-DemoTests/Pods-Demo-DemoTests-frameworks-${CONFIGURATION}-input-files.xcfilelist",
			);
			name = "[CP] Embed Pods Frameworks";
			outputFileListPaths = (
				"${PODS_ROOT}/Target Support Files/Pods-Demo-DemoTests/Pods-Demo-DemoTests-frameworks-${CONFIGURATION}-output-files.xcfilelist",
			);
			runOnlyForDeploymentPostprocessing = 0;
			shellPath = /bin/sh;
			shellScript = "\"${PODS_ROOT}/Target Support Files/Pods-Demo-DemoTests/Pods-Demo-DemoTests-frameworks.sh\"\n";
			showEnvVarsInLog = 0;
		};
		EB2A93B5345037D0177DB5B1 /* [CP] Embed Pods Frameworks */ = {
			isa = PBXShellScriptBuildPhase;
			buildActionMask = 2147483647;
			files = (
			);
			inputFileListPaths = (
				"${PODS_ROOT}/Target Support Files/Pods-Demo-DemoUITests/Pods-Demo-DemoUITests-frameworks-${CONFIGURATION}-input-files.xcfilelist",
			);
			name = "[CP] Embed Pods Frameworks";
			outputFileListPaths = (
				"${PODS_ROOT}/Target Support Files/Pods-Demo-DemoUITests/Pods-Demo-DemoUITests-frameworks-${CONFIGURATION}-output-files.xcfilelist",
			);
			runOnlyForDeploymentPostprocessing = 0;
			shellPath = /bin/sh;
			shellScript = "\"${PODS_ROOT}/Target Support Files/Pods-Demo-DemoUITests/Pods-Demo-DemoUITests-frameworks.sh\"\n";
			showEnvVarsInLog = 0;
		};
		F705AE73F3479F87778B1FF8 /* [CP] Embed Pods Frameworks */ = {
			isa = PBXShellScriptBuildPhase;
			buildActionMask = 2147483647;
			files = (
			);
			inputFileListPaths = (
				"${PODS_ROOT}/Target Support Files/Pods-Demo/Pods-Demo-frameworks-${CONFIGURATION}-input-files.xcfilelist",
			);
			name = "[CP] Embed Pods Frameworks";
			outputFileListPaths = (
				"${PODS_ROOT}/Target Support Files/Pods-Demo/Pods-Demo-frameworks-${CONFIGURATION}-output-files.xcfilelist",
			);
			runOnlyForDeploymentPostprocessing = 0;
			shellPath = /bin/sh;
			shellScript = "\"${PODS_ROOT}/Target Support Files/Pods-Demo/Pods-Demo-frameworks.sh\"\n";
			showEnvVarsInLog = 0;
		};
/* End PBXShellScriptBuildPhase section */

/* Begin PBXSourcesBuildPhase section */
		DB07505522EA023F002679F8 /* Sources */ = {
			isa = PBXSourcesBuildPhase;
			buildActionMask = 2147483647;
			files = (
				DB1C1A1E22EFDCDD00B86D56 /* SecondViewController.swift in Sources */,
				DBF7A5B922F0B27B002539E7 /* UIWebViewController.swift in Sources */,
				DBF11CFE22EA0679009E274D /* FistViewController.swift in Sources */,
				DBF7A5BB22F0B287002539E7 /* WKWebViewController.swift in Sources */,
				DB07505F22EA023F002679F8 /* ViewController.swift in Sources */,
				DB18939A22EF42F50010E6AD /* AccesibiltyDemoID.swift in Sources */,
				DB07508D22EA034A002679F8 /* TabbarController.swift in Sources */,
				DB07505D22EA023F002679F8 /* AppDelegate.swift in Sources */,
			);
			runOnlyForDeploymentPostprocessing = 0;
		};
		DB07506922EA0240002679F8 /* Sources */ = {
			isa = PBXSourcesBuildPhase;
			buildActionMask = 2147483647;
			files = (
				DB07507222EA0240002679F8 /* AccessibilityIdentifierTests.swift in Sources */,
			);
			runOnlyForDeploymentPostprocessing = 0;
		};
		DB07507422EA0240002679F8 /* Sources */ = {
			isa = PBXSourcesBuildPhase;
			buildActionMask = 2147483647;
			files = (
				DB07507D22EA0240002679F8 /* DemoUITests.swift in Sources */,
				DB1C1A2122F040EB00B86D56 /* EasyPredicateTests.swift in Sources */,
			);
			runOnlyForDeploymentPostprocessing = 0;
		};
/* End PBXSourcesBuildPhase section */

/* Begin PBXTargetDependency section */
		DB07506F22EA0240002679F8 /* PBXTargetDependency */ = {
			isa = PBXTargetDependency;
			target = DB07505822EA023F002679F8 /* Demo */;
			targetProxy = DB07506E22EA0240002679F8 /* PBXContainerItemProxy */;
		};
		DB07507A22EA0240002679F8 /* PBXTargetDependency */ = {
			isa = PBXTargetDependency;
			target = DB07505822EA023F002679F8 /* Demo */;
			targetProxy = DB07507922EA0240002679F8 /* PBXContainerItemProxy */;
		};
/* End PBXTargetDependency section */

/* Begin PBXVariantGroup section */
		DB07506022EA023F002679F8 /* Main.storyboard */ = {
			isa = PBXVariantGroup;
			children = (
				DB07506122EA023F002679F8 /* Base */,
			);
			name = Main.storyboard;
			sourceTree = "<group>";
		};
		DB07506522EA0240002679F8 /* LaunchScreen.storyboard */ = {
			isa = PBXVariantGroup;
			children = (
				DB07506622EA0240002679F8 /* Base */,
			);
			name = LaunchScreen.storyboard;
			sourceTree = "<group>";
		};
/* End PBXVariantGroup section */

/* Begin XCBuildConfiguration section */
		DB07507F22EA0240002679F8 /* Debug */ = {
			isa = XCBuildConfiguration;
			buildSettings = {
				ALWAYS_SEARCH_USER_PATHS = NO;
				CLANG_ANALYZER_NONNULL = YES;
				CLANG_ANALYZER_NUMBER_OBJECT_CONVERSION = YES_AGGRESSIVE;
				CLANG_CXX_LANGUAGE_STANDARD = "gnu++14";
				CLANG_CXX_LIBRARY = "libc++";
				CLANG_ENABLE_MODULES = YES;
				CLANG_ENABLE_OBJC_ARC = YES;
				CLANG_ENABLE_OBJC_WEAK = YES;
				CLANG_WARN_BLOCK_CAPTURE_AUTORELEASING = YES;
				CLANG_WARN_BOOL_CONVERSION = YES;
				CLANG_WARN_COMMA = YES;
				CLANG_WARN_CONSTANT_CONVERSION = YES;
				CLANG_WARN_DEPRECATED_OBJC_IMPLEMENTATIONS = YES;
				CLANG_WARN_DIRECT_OBJC_ISA_USAGE = YES_ERROR;
				CLANG_WARN_DOCUMENTATION_COMMENTS = YES;
				CLANG_WARN_EMPTY_BODY = YES;
				CLANG_WARN_ENUM_CONVERSION = YES;
				CLANG_WARN_INFINITE_RECURSION = YES;
				CLANG_WARN_INT_CONVERSION = YES;
				CLANG_WARN_NON_LITERAL_NULL_CONVERSION = YES;
				CLANG_WARN_OBJC_IMPLICIT_RETAIN_SELF = YES;
				CLANG_WARN_OBJC_LITERAL_CONVERSION = YES;
				CLANG_WARN_OBJC_ROOT_CLASS = YES_ERROR;
				CLANG_WARN_RANGE_LOOP_ANALYSIS = YES;
				CLANG_WARN_STRICT_PROTOTYPES = YES;
				CLANG_WARN_SUSPICIOUS_MOVE = YES;
				CLANG_WARN_UNGUARDED_AVAILABILITY = YES_AGGRESSIVE;
				CLANG_WARN_UNREACHABLE_CODE = YES;
				CLANG_WARN__DUPLICATE_METHOD_MATCH = YES;
				CODE_SIGN_IDENTITY = "iPhone Developer";
				COPY_PHASE_STRIP = NO;
				DEBUG_INFORMATION_FORMAT = dwarf;
				ENABLE_BITCODE = NO;
				ENABLE_STRICT_OBJC_MSGSEND = YES;
				ENABLE_TESTABILITY = YES;
				GCC_C_LANGUAGE_STANDARD = gnu11;
				GCC_DYNAMIC_NO_PIC = NO;
				GCC_NO_COMMON_BLOCKS = YES;
				GCC_OPTIMIZATION_LEVEL = 0;
				GCC_PREPROCESSOR_DEFINITIONS = (
					"DEBUG=1",
					"$(inherited)",
				);
				GCC_WARN_64_TO_32_BIT_CONVERSION = YES;
				GCC_WARN_ABOUT_RETURN_TYPE = YES_ERROR;
				GCC_WARN_UNDECLARED_SELECTOR = YES;
				GCC_WARN_UNINITIALIZED_AUTOS = YES_AGGRESSIVE;
				GCC_WARN_UNUSED_FUNCTION = YES;
				GCC_WARN_UNUSED_VARIABLE = YES;
				IPHONEOS_DEPLOYMENT_TARGET = 12.4;
				MTL_ENABLE_DEBUG_INFO = INCLUDE_SOURCE;
				MTL_FAST_MATH = YES;
				ONLY_ACTIVE_ARCH = YES;
				SDKROOT = iphoneos;
				SWIFT_ACTIVE_COMPILATION_CONDITIONS = DEBUG;
				SWIFT_OPTIMIZATION_LEVEL = "-Onone";
			};
			name = Debug;
		};
		DB07508022EA0240002679F8 /* Release */ = {
			isa = XCBuildConfiguration;
			buildSettings = {
				ALWAYS_SEARCH_USER_PATHS = NO;
				CLANG_ANALYZER_NONNULL = YES;
				CLANG_ANALYZER_NUMBER_OBJECT_CONVERSION = YES_AGGRESSIVE;
				CLANG_CXX_LANGUAGE_STANDARD = "gnu++14";
				CLANG_CXX_LIBRARY = "libc++";
				CLANG_ENABLE_MODULES = YES;
				CLANG_ENABLE_OBJC_ARC = YES;
				CLANG_ENABLE_OBJC_WEAK = YES;
				CLANG_WARN_BLOCK_CAPTURE_AUTORELEASING = YES;
				CLANG_WARN_BOOL_CONVERSION = YES;
				CLANG_WARN_COMMA = YES;
				CLANG_WARN_CONSTANT_CONVERSION = YES;
				CLANG_WARN_DEPRECATED_OBJC_IMPLEMENTATIONS = YES;
				CLANG_WARN_DIRECT_OBJC_ISA_USAGE = YES_ERROR;
				CLANG_WARN_DOCUMENTATION_COMMENTS = YES;
				CLANG_WARN_EMPTY_BODY = YES;
				CLANG_WARN_ENUM_CONVERSION = YES;
				CLANG_WARN_INFINITE_RECURSION = YES;
				CLANG_WARN_INT_CONVERSION = YES;
				CLANG_WARN_NON_LITERAL_NULL_CONVERSION = YES;
				CLANG_WARN_OBJC_IMPLICIT_RETAIN_SELF = YES;
				CLANG_WARN_OBJC_LITERAL_CONVERSION = YES;
				CLANG_WARN_OBJC_ROOT_CLASS = YES_ERROR;
				CLANG_WARN_RANGE_LOOP_ANALYSIS = YES;
				CLANG_WARN_STRICT_PROTOTYPES = YES;
				CLANG_WARN_SUSPICIOUS_MOVE = YES;
				CLANG_WARN_UNGUARDED_AVAILABILITY = YES_AGGRESSIVE;
				CLANG_WARN_UNREACHABLE_CODE = YES;
				CLANG_WARN__DUPLICATE_METHOD_MATCH = YES;
				CODE_SIGN_IDENTITY = "iPhone Developer";
				COPY_PHASE_STRIP = NO;
				DEBUG_INFORMATION_FORMAT = "dwarf-with-dsym";
				ENABLE_BITCODE = NO;
				ENABLE_NS_ASSERTIONS = NO;
				ENABLE_STRICT_OBJC_MSGSEND = YES;
				GCC_C_LANGUAGE_STANDARD = gnu11;
				GCC_NO_COMMON_BLOCKS = YES;
				GCC_WARN_64_TO_32_BIT_CONVERSION = YES;
				GCC_WARN_ABOUT_RETURN_TYPE = YES_ERROR;
				GCC_WARN_UNDECLARED_SELECTOR = YES;
				GCC_WARN_UNINITIALIZED_AUTOS = YES_AGGRESSIVE;
				GCC_WARN_UNUSED_FUNCTION = YES;
				GCC_WARN_UNUSED_VARIABLE = YES;
				IPHONEOS_DEPLOYMENT_TARGET = 12.4;
				MTL_ENABLE_DEBUG_INFO = NO;
				MTL_FAST_MATH = YES;
				SDKROOT = iphoneos;
				SWIFT_COMPILATION_MODE = wholemodule;
				SWIFT_OPTIMIZATION_LEVEL = "-O";
				VALIDATE_PRODUCT = YES;
			};
			name = Release;
		};
		DB07508222EA0240002679F8 /* Debug */ = {
			isa = XCBuildConfiguration;
			baseConfigurationReference = 9F7DDCD3D4C47C75DCAC1A8D /* Pods-Demo.debug.xcconfig */;
			buildSettings = {
				ASSETCATALOG_COMPILER_APPICON_NAME = AppIcon;
				CODE_SIGN_STYLE = Automatic;
				DEVELOPMENT_TEAM = M932RC5J66;
				ENABLE_BITCODE = NO;
				INFOPLIST_FILE = Demo/Info.plist;
				IPHONEOS_DEPLOYMENT_TARGET = 9.0;
				LD_RUNPATH_SEARCH_PATHS = (
					"$(inherited)",
					"@executable_path/Frameworks",
				);
				PRODUCT_BUNDLE_IDENTIFIER = xcodeyang.Demo;
				PRODUCT_NAME = "$(TARGET_NAME)";
				SWIFT_VERSION = 5.0;
				TARGETED_DEVICE_FAMILY = "1,2";
			};
			name = Debug;
		};
		DB07508322EA0240002679F8 /* Release */ = {
			isa = XCBuildConfiguration;
			baseConfigurationReference = 5A625CFD989E247CA4B542C9 /* Pods-Demo.release.xcconfig */;
			buildSettings = {
				ASSETCATALOG_COMPILER_APPICON_NAME = AppIcon;
				CODE_SIGN_STYLE = Automatic;
				DEVELOPMENT_TEAM = M932RC5J66;
				ENABLE_BITCODE = NO;
				INFOPLIST_FILE = Demo/Info.plist;
				IPHONEOS_DEPLOYMENT_TARGET = 9.0;
				LD_RUNPATH_SEARCH_PATHS = (
					"$(inherited)",
					"@executable_path/Frameworks",
				);
				PRODUCT_BUNDLE_IDENTIFIER = xcodeyang.Demo;
				PRODUCT_NAME = "$(TARGET_NAME)";
				SWIFT_VERSION = 5.0;
				TARGETED_DEVICE_FAMILY = "1,2";
			};
			name = Release;
		};
		DB07508522EA0240002679F8 /* Debug */ = {
			isa = XCBuildConfiguration;
			baseConfigurationReference = 59F174F2AC681912AC00B190 /* Pods-Demo-DemoTests.debug.xcconfig */;
			buildSettings = {
				ALWAYS_EMBED_SWIFT_STANDARD_LIBRARIES = YES;
				BUNDLE_LOADER = "$(TEST_HOST)";
				CODE_SIGN_STYLE = Automatic;
				DEVELOPMENT_TEAM = M932RC5J66;
				ENABLE_BITCODE = NO;
				INFOPLIST_FILE = DemoTests/Info.plist;
				LD_RUNPATH_SEARCH_PATHS = (
					"$(inherited)",
					"@executable_path/Frameworks",
					"@loader_path/Frameworks",
				);
				PRODUCT_BUNDLE_IDENTIFIER = xcodeyang.DemoTests;
				PRODUCT_NAME = "$(TARGET_NAME)";
				SWIFT_VERSION = 5.0;
				TARGETED_DEVICE_FAMILY = "1,2";
				TEST_HOST = "$(BUILT_PRODUCTS_DIR)/Demo.app/Demo";
			};
			name = Debug;
		};
		DB07508622EA0240002679F8 /* Release */ = {
			isa = XCBuildConfiguration;
			baseConfigurationReference = 11CF698A50188A97ADEC4333 /* Pods-Demo-DemoTests.release.xcconfig */;
			buildSettings = {
				ALWAYS_EMBED_SWIFT_STANDARD_LIBRARIES = YES;
				BUNDLE_LOADER = "$(TEST_HOST)";
				CODE_SIGN_STYLE = Automatic;
				DEVELOPMENT_TEAM = M932RC5J66;
				ENABLE_BITCODE = NO;
				INFOPLIST_FILE = DemoTests/Info.plist;
				LD_RUNPATH_SEARCH_PATHS = (
					"$(inherited)",
					"@executable_path/Frameworks",
					"@loader_path/Frameworks",
				);
				PRODUCT_BUNDLE_IDENTIFIER = xcodeyang.DemoTests;
				PRODUCT_NAME = "$(TARGET_NAME)";
				SWIFT_VERSION = 5.0;
				TARGETED_DEVICE_FAMILY = "1,2";
				TEST_HOST = "$(BUILT_PRODUCTS_DIR)/Demo.app/Demo";
			};
			name = Release;
		};
		DB07508822EA0240002679F8 /* Debug */ = {
			isa = XCBuildConfiguration;
			baseConfigurationReference = 4EE453541DEE68FD601FE0BA /* Pods-Demo-DemoUITests.debug.xcconfig */;
			buildSettings = {
				ALWAYS_EMBED_SWIFT_STANDARD_LIBRARIES = YES;
				CODE_SIGN_STYLE = Automatic;
				DEVELOPMENT_TEAM = M932RC5J66;
				ENABLE_BITCODE = NO;
				INFOPLIST_FILE = DemoUITests/Info.plist;
				LD_RUNPATH_SEARCH_PATHS = (
					"$(inherited)",
					"@executable_path/Frameworks",
					"@loader_path/Frameworks",
				);
				PRODUCT_BUNDLE_IDENTIFIER = xcodeyang.DemoUITests;
				PRODUCT_NAME = "$(TARGET_NAME)";
				SWIFT_VERSION = 5.0;
				TARGETED_DEVICE_FAMILY = "1,2";
				TEST_TARGET_NAME = Demo;
			};
			name = Debug;
		};
		DB07508922EA0240002679F8 /* Release */ = {
			isa = XCBuildConfiguration;
			baseConfigurationReference = D18E8A23A21C1502B48C311B /* Pods-Demo-DemoUITests.release.xcconfig */;
			buildSettings = {
				ALWAYS_EMBED_SWIFT_STANDARD_LIBRARIES = YES;
				CODE_SIGN_STYLE = Automatic;
				DEVELOPMENT_TEAM = M932RC5J66;
				ENABLE_BITCODE = NO;
				INFOPLIST_FILE = DemoUITests/Info.plist;
				LD_RUNPATH_SEARCH_PATHS = (
					"$(inherited)",
					"@executable_path/Frameworks",
					"@loader_path/Frameworks",
				);
				PRODUCT_BUNDLE_IDENTIFIER = xcodeyang.DemoUITests;
				PRODUCT_NAME = "$(TARGET_NAME)";
				SWIFT_VERSION = 5.0;
				TARGETED_DEVICE_FAMILY = "1,2";
				TEST_TARGET_NAME = Demo;
			};
			name = Release;
		};
/* End XCBuildConfiguration section */

/* Begin XCConfigurationList section */
		DB07505422EA023F002679F8 /* Build configuration list for PBXProject "Demo" */ = {
			isa = XCConfigurationList;
			buildConfigurations = (
				DB07507F22EA0240002679F8 /* Debug */,
				DB07508022EA0240002679F8 /* Release */,
			);
			defaultConfigurationIsVisible = 0;
			defaultConfigurationName = Release;
		};
		DB07508122EA0240002679F8 /* Build configuration list for PBXNativeTarget "Demo" */ = {
			isa = XCConfigurationList;
			buildConfigurations = (
				DB07508222EA0240002679F8 /* Debug */,
				DB07508322EA0240002679F8 /* Release */,
			);
			defaultConfigurationIsVisible = 0;
			defaultConfigurationName = Release;
		};
		DB07508422EA0240002679F8 /* Build configuration list for PBXNativeTarget "DemoTests" */ = {
			isa = XCConfigurationList;
			buildConfigurations = (
				DB07508522EA0240002679F8 /* Debug */,
				DB07508622EA0240002679F8 /* Release */,
			);
			defaultConfigurationIsVisible = 0;
			defaultConfigurationName = Release;
		};
		DB07508722EA0240002679F8 /* Build configuration list for PBXNativeTarget "DemoUITests" */ = {
			isa = XCConfigurationList;
			buildConfigurations = (
				DB07508822EA0240002679F8 /* Debug */,
				DB07508922EA0240002679F8 /* Release */,
			);
			defaultConfigurationIsVisible = 0;
			defaultConfigurationName = Release;
		};
/* End XCConfigurationList section */
	};
	rootObject = DB07505122EA023F002679F8 /* Project object */;
}
