PODS:
  - Einstein/Identifier (0.1.1)
  - Einstein/UITest (0.1.1):
    - Then
  - Then (2.5.0)

DEPENDENCIES:
  - Einstein/Identifier (from `../`)
  - Einstein/UITest (from `../`)

SPEC REPOS:
  https://github.com/cocoapods/specs.git:
    - Then

EXTERNAL SOURCES:
  Einstein:
    :path: "../"

SPEC CHECKSUMS:
  Einstein: 9ef6ad122176206bb22ce199a4cfdf1a4b399d59
  Then: 0157115e883545c77967b452fe74a1d25fb796e1

PODFILE CHECKSUM: 190fb12b2514947b10ac529d31ca55cd675949a2

COCOAPODS: 1.7.5
